Microsoft Visual Studio Solution File, Format Version 12.00
# Visual Studio Version 17
VisualStudioVersion = 17.5.2.0
MinimumVisualStudioVersion = 10.0.40219.1
Project("{FAE04EC0-301F-11D3-BF4B-00C04F79EFBC}") = "RestDotNetUdemy", "RestDotNetUdemy.csproj", "{B8C65D95-0902-87AF-AF8E-5CA79F2693EB}"
EndProject
Global
	GlobalSection(SolutionConfigurationPlatforms) = preSolution
		Debug|Any CPU = Debug|Any CPU
		Release|Any CPU = Release|Any CPU
	EndGlobalSection
	GlobalSection(ProjectConfigurationPlatforms) = postSolution
		{B8C65D95-0902-87AF-AF8E-5CA79F2693EB}.Debug|Any CPU.ActiveCfg = Debug|Any CPU
		{B8C65D95-0902-87AF-AF8E-5CA79F2693EB}.Debug|Any CPU.Build.0 = Debug|Any CPU
		{B8C65D95-0902-87AF-AF8E-5CA79F2693EB}.Release|Any CPU.ActiveCfg = Release|Any CPU
		{B8C65D95-0902-87AF-AF8E-5CA79F2693EB}.Release|Any CPU.Build.0 = Release|Any CPU
	EndGlobalSection
	GlobalSection(SolutionProperties) = preSolution
		HideSolutionNode = FALSE
	EndGlobalSection
	GlobalSection(ExtensibilityGlobals) = postSolution
		SolutionGuid = {0623EEE7-0BDD-4DA9-BCB9-FC6E007BA63F}
	EndGlobalSection
EndGlobal
