
Microsoft Visual Studio Solution File, Format Version 12.00
# Visual Studio Version 17
VisualStudioVersion = 17.10.35027.167
MinimumVisualStudioVersion = 10.0.40219.1
Project("{FAE04EC0-301F-11D3-BF4B-00C04F79EFBC}") = "RestDotNetUdemy", "RestDotNetUdemy\RestDotNetUdemy.csproj", "{36874E80-44ED-4792-9930-0A9C1FAE1E64}"
EndProject
Global
	GlobalSection(SolutionConfigurationPlatforms) = preSolution
		Debug|Any CPU = Debug|Any CPU
		Release|Any CPU = Release|Any CPU
	EndGlobalSection
	GlobalSection(ProjectConfigurationPlatforms) = postSolution
		{36874E80-44ED-4792-9930-0A9C1FAE1E64}.Debug|Any CPU.ActiveCfg = Debug|Any CPU
		{36874E80-44ED-4792-9930-0A9C1FAE1E64}.Debug|Any CPU.Build.0 = Debug|Any CPU
		{36874E80-44ED-4792-9930-0A9C1FAE1E64}.Release|Any CPU.ActiveCfg = Release|Any CPU
		{36874E80-44ED-4792-9930-0A9C1FAE1E64}.Release|Any CPU.Build.0 = Release|Any CPU
	EndGlobalSection
	GlobalSection(SolutionProperties) = preSolution
		HideSolutionNode = FALSE
	EndGlobalSection
	GlobalSection(ExtensibilityGlobals) = postSolution
		SolutionGuid = {797D912B-B1CA-45CC-9CF7-C7673F7AA888}
	EndGlobalSection
EndGlobal
