
Microsoft Visual Studio Solution File, Format Version 12.00
# Visual Studio Version 17
VisualStudioVersion = 17.0.31903.59
MinimumVisualStudioVersion = 10.0.40219.1
Project("{FAE04EC0-301F-11D3-BF4B-00C04F79EFBC}") = "RestDotNetUdemy", "RestDotNetUdemy\RestDotNetUdemy.csproj", "{F5107EF3-7908-4D64-8F8E-840727032CFC}"
EndProject
Global
	GlobalSection(SolutionConfigurationPlatforms) = preSolution
		Debug|Any CPU = Debug|Any CPU
		Release|Any CPU = Release|Any CPU
	EndGlobalSection
	GlobalSection(SolutionProperties) = preSolution
		HideSolutionNode = FALSE
	EndGlobalSection
	GlobalSection(ProjectConfigurationPlatforms) = postSolution
		{F5107EF3-7908-4D64-8F8E-840727032CFC}.Debug|Any CPU.ActiveCfg = Debug|Any CPU
		{F5107EF3-7908-4D64-8F8E-840727032CFC}.Debug|Any CPU.Build.0 = Debug|Any CPU
		{F5107EF3-7908-4D64-8F8E-840727032CFC}.Release|Any CPU.ActiveCfg = Release|Any CPU
		{F5107EF3-7908-4D64-8F8E-840727032CFC}.Release|Any CPU.Build.0 = Release|Any CPU
	EndGlobalSection
EndGlobal
